
Microsoft Visual Studio Solution File, Format Version 12.00
Project("{FAE04EC0-301F-11D3-BF4B-00C04F79EFBC}") = "Api", "Api\Api.csproj", "{D64A23C6-30E8-4E8B-9565-D7565E5921A1}"
EndProject
Project("{FAE04EC0-301F-11D3-BF4B-00C04F79EFBC}") = "Application", "Application\Application.csproj", "{0018FA51-3EC3-4206-840B-6589B6808C14}"
EndProject
Global
	GlobalSection(SolutionConfigurationPlatforms) = preSolution
		Debug|Any CPU = Debug|Any CPU
		Release|Any CPU = Release|Any CPU
	EndGlobalSection
	GlobalSection(ProjectConfigurationPlatforms) = postSolution
		{D64A23C6-30E8-4E8B-9565-D7565E5921A1}.Debug|Any CPU.ActiveCfg = Debug|Any CPU
		{D64A23C6-30E8-4E8B-9565-D7565E5921A1}.Debug|Any CPU.Build.0 = Debug|Any CPU
		{D64A23C6-30E8-4E8B-9565-D7565E5921A1}.Release|Any CPU.ActiveCfg = Release|Any CPU
		{D64A23C6-30E8-4E8B-9565-D7565E5921A1}.Release|Any CPU.Build.0 = Release|Any CPU
		{0018FA51-3EC3-4206-840B-6589B6808C14}.Debug|Any CPU.ActiveCfg = Debug|Any CPU
		{0018FA51-3EC3-4206-840B-6589B6808C14}.Debug|Any CPU.Build.0 = Debug|Any CPU
		{0018FA51-3EC3-4206-840B-6589B6808C14}.Release|Any CPU.ActiveCfg = Release|Any CPU
		{0018FA51-3EC3-4206-840B-6589B6808C14}.Release|Any CPU.Build.0 = Release|Any CPU
	EndGlobalSection
EndGlobal
